// !$*UTF8*$!
{
	archiveVersion = 1;
	classes = {
	};
	objectVersion = 56;
	objects = {

/* Begin PBXBuildFile section */
		218015672B2A4EDF006CA1C1 /* AppDelegate.swift in Sources */ = {isa = PBXBuildFile; fileRef = 218015662B2A4EDF006CA1C1 /* AppDelegate.swift */; };
		218015692B2A4EDF006CA1C1 /* SceneDelegate.swift in Sources */ = {isa = PBXBuildFile; fileRef = 218015682B2A4EDF006CA1C1 /* SceneDelegate.swift */; };
		2180156B2B2A4EDF006CA1C1 /* ViewController.swift in Sources */ = {isa = PBXBuildFile; fileRef = 2180156A2B2A4EDF006CA1C1 /* ViewController.swift */; };
		2180156E2B2A4EDF006CA1C1 /* Main.storyboard in Resources */ = {isa = PBXBuildFile; fileRef = 2180156C2B2A4EDF006CA1C1 /* Main.storyboard */; };
		218015702B2A4EE0006CA1C1 /* Assets.xcassets in Resources */ = {isa = PBXBuildFile; fileRef = 2180156F2B2A4EE0006CA1C1 /* Assets.xcassets */; };
		218015732B2A4EE0006CA1C1 /* LaunchScreen.storyboard in Resources */ = {isa = PBXBuildFile; fileRef = 218015712B2A4EE0006CA1C1 /* LaunchScreen.storyboard */; };
		2180157E2B2A4EE0006CA1C1 /* iGenMationTests.swift in Sources */ = {isa = PBXBuildFile; fileRef = 2180157D2B2A4EE0006CA1C1 /* iGenMationTests.swift */; };
		218015882B2A4EE0006CA1C1 /* iGenMationUITests.swift in Sources */ = {isa = PBXBuildFile; fileRef = 218015872B2A4EE0006CA1C1 /* iGenMationUITests.swift */; };
		2180158A2B2A4EE0006CA1C1 /* iGenMationUITestsLaunchTests.swift in Sources */ = {isa = PBXBuildFile; fileRef = 218015892B2A4EE0006CA1C1 /* iGenMationUITestsLaunchTests.swift */; };
/* End PBXBuildFile section */

/* Begin PBXContainerItemProxy section */
		2180157A2B2A4EE0006CA1C1 /* PBXContainerItemProxy */ = {
			isa = PBXContainerItemProxy;
			containerPortal = 2180155B2B2A4EDF006CA1C1 /* Project object */;
			proxyType = 1;
			remoteGlobalIDString = 218015622B2A4EDF006CA1C1;
			remoteInfo = iGenMation;
		};
		218015842B2A4EE0006CA1C1 /* PBXContainerItemProxy */ = {
			isa = PBXContainerItemProxy;
			containerPortal = 2180155B2B2A4EDF006CA1C1 /* Project object */;
			proxyType = 1;
			remoteGlobalIDString = 218015622B2A4EDF006CA1C1;
			remoteInfo = iGenMation;
		};
/* End PBXContainerItemProxy section */

/* Begin PBXFileReference section */
		218015632B2A4EDF006CA1C1 /* iGenMation.app */ = {isa = PBXFileReference; explicitFileType = wrapper.application; includeInIndex = 0; path = iGenMation.app; sourceTree = BUILT_PRODUCTS_DIR; };
		218015662B2A4EDF006CA1C1 /* AppDelegate.swift */ = {isa = PBXFileReference; lastKnownFileType = sourcecode.swift; path = AppDelegate.swift; sourceTree = "<group>"; };
		218015682B2A4EDF006CA1C1 /* SceneDelegate.swift */ = {isa = PBXFileReference; lastKnownFileType = sourcecode.swift; path = SceneDelegate.swift; sourceTree = "<group>"; };
		2180156A2B2A4EDF006CA1C1 /* ViewController.swift */ = {isa = PBXFileReference; lastKnownFileType = sourcecode.swift; path = ViewController.swift; sourceTree = "<group>"; };
		2180156D2B2A4EDF006CA1C1 /* Base */ = {isa = PBXFileReference; lastKnownFileType = file.storyboard; name = Base; path = Base.lproj/Main.storyboard; sourceTree = "<group>"; };
		2180156F2B2A4EE0006CA1C1 /* Assets.xcassets */ = {isa = PBXFileReference; lastKnownFileType = folder.assetcatalog; path = Assets.xcassets; sourceTree = "<group>"; };
		218015722B2A4EE0006CA1C1 /* Base */ = {isa = PBXFileReference; lastKnownFileType = file.storyboard; name = Base; path = Base.lproj/LaunchScreen.storyboard; sourceTree = "<group>"; };
		218015742B2A4EE0006CA1C1 /* Info.plist */ = {isa = PBXFileReference; lastKnownFileType = text.plist.xml; path = Info.plist; sourceTree = "<group>"; };
		218015792B2A4EE0006CA1C1 /* iGenMationTests.xctest */ = {isa = PBXFileReference; explicitFileType = wrapper.cfbundle; includeInIndex = 0; path = iGenMationTests.xctest; sourceTree = BUILT_PRODUCTS_DIR; };
		2180157D2B2A4EE0006CA1C1 /* iGenMationTests.swift */ = {isa = PBXFileReference; lastKnownFileType = sourcecode.swift; path = iGenMationTests.swift; sourceTree = "<group>"; };
		218015832B2A4EE0006CA1C1 /* iGenMationUITests.xctest */ = {isa = PBXFileReference; explicitFileType = wrapper.cfbundle; includeInIndex = 0; path = iGenMationUITests.xctest; sourceTree = BUILT_PRODUCTS_DIR; };
		218015872B2A4EE0006CA1C1 /* iGenMationUITests.swift */ = {isa = PBXFileReference; lastKnownFileType = sourcecode.swift; path = iGenMationUITests.swift; sourceTree = "<group>"; };
		218015892B2A4EE0006CA1C1 /* iGenMationUITestsLaunchTests.swift */ = {isa = PBXFileReference; lastKnownFileType = sourcecode.swift; path = iGenMationUITestsLaunchTests.swift; sourceTree = "<group>"; };
/* End PBXFileReference section */

/* Begin PBXFrameworksBuildPhase section */
		218015602B2A4EDF006CA1C1 /* Frameworks */ = {
			isa = PBXFrameworksBuildPhase;
			buildActionMask = 2147483647;
			files = (
			);
			runOnlyForDeploymentPostprocessing = 0;
		};
		218015762B2A4EE0006CA1C1 /* Frameworks */ = {
			isa = PBXFrameworksBuildPhase;
			buildActionMask = 2147483647;
			files = (
			);
			runOnlyForDeploymentPostprocessing = 0;
		};
		218015802B2A4EE0006CA1C1 /* Frameworks */ = {
			isa = PBXFrameworksBuildPhase;
			buildActionMask = 2147483647;
			files = (
			);
			runOnlyForDeploymentPostprocessing = 0;
		};
/* End PBXFrameworksBuildPhase section */

/* Begin PBXGroup section */
		2180155A2B2A4EDF006CA1C1 = {
			isa = PBXGroup;
			children = (
				218015652B2A4EDF006CA1C1 /* iGenMation */,
				2180157C2B2A4EE0006CA1C1 /* iGenMationTests */,
				218015862B2A4EE0006CA1C1 /* iGenMationUITests */,
				218015642B2A4EDF006CA1C1 /* Products */,
			);
			sourceTree = "<group>";
		};
		218015642B2A4EDF006CA1C1 /* Products */ = {
			isa = PBXGroup;
			children = (
				218015632B2A4EDF006CA1C1 /* iGenMation.app */,
				218015792B2A4EE0006CA1C1 /* iGenMationTests.xctest */,
				218015832B2A4EE0006CA1C1 /* iGenMationUITests.xctest */,
			);
			name = Products;
			sourceTree = "<group>";
		};
		218015652B2A4EDF006CA1C1 /* iGenMation */ = {
			isa = PBXGroup;
			children = (
				218015992B2A4EFF006CA1C1 /* Helper */,
				218015982B2A4EF5006CA1C1 /* Manager */,
				218015972B2A4EF1006CA1C1 /* View */,
				218015962B2A4EEB006CA1C1 /* Scene */,
				218015662B2A4EDF006CA1C1 /* AppDelegate.swift */,
				218015682B2A4EDF006CA1C1 /* SceneDelegate.swift */,
				2180156A2B2A4EDF006CA1C1 /* ViewController.swift */,
				2180156C2B2A4EDF006CA1C1 /* Main.storyboard */,
				2180156F2B2A4EE0006CA1C1 /* Assets.xcassets */,
				218015712B2A4EE0006CA1C1 /* LaunchScreen.storyboard */,
				218015742B2A4EE0006CA1C1 /* Info.plist */,
			);
			path = iGenMation;
			sourceTree = "<group>";
		};
		2180157C2B2A4EE0006CA1C1 /* iGenMationTests */ = {
			isa = PBXGroup;
			children = (
				2180157D2B2A4EE0006CA1C1 /* iGenMationTests.swift */,
			);
			path = iGenMationTests;
			sourceTree = "<group>";
		};
		218015862B2A4EE0006CA1C1 /* iGenMationUITests */ = {
			isa = PBXGroup;
			children = (
				218015872B2A4EE0006CA1C1 /* iGenMationUITests.swift */,
				218015892B2A4EE0006CA1C1 /* iGenMationUITestsLaunchTests.swift */,
			);
			path = iGenMationUITests;
			sourceTree = "<group>";
		};
		218015962B2A4EEB006CA1C1 /* Scene */ = {
			isa = PBXGroup;
			children = (
			);
			path = Scene;
			sourceTree = "<group>";
		};
		218015972B2A4EF1006CA1C1 /* View */ = {
			isa = PBXGroup;
			children = (
			);
			path = View;
			sourceTree = "<group>";
		};
		218015982B2A4EF5006CA1C1 /* Manager */ = {
			isa = PBXGroup;
			children = (
			);
			path = Manager;
			sourceTree = "<group>";
		};
		218015992B2A4EFF006CA1C1 /* Helper */ = {
			isa = PBXGroup;
			children = (
			);
			path = Helper;
			sourceTree = "<group>";
		};
/* End PBXGroup section */

/* Begin PBXNativeTarget section */
		218015622B2A4EDF006CA1C1 /* iGenMation */ = {
			isa = PBXNativeTarget;
			buildConfigurationList = 2180158D2B2A4EE0006CA1C1 /* Build configuration list for PBXNativeTarget "iGenMation" */;
			buildPhases = (
				2180155F2B2A4EDF006CA1C1 /* Sources */,
				218015602B2A4EDF006CA1C1 /* Frameworks */,
				218015612B2A4EDF006CA1C1 /* Resources */,
			);
			buildRules = (
			);
			dependencies = (
			);
			name = iGenMation;
			productName = iGenMation;
			productReference = 218015632B2A4EDF006CA1C1 /* iGenMation.app */;
			productType = "com.apple.product-type.application";
		};
		218015782B2A4EE0006CA1C1 /* iGenMationTests */ = {
			isa = PBXNativeTarget;
			buildConfigurationList = 218015902B2A4EE0006CA1C1 /* Build configuration list for PBXNativeTarget "iGenMationTests" */;
			buildPhases = (
				218015752B2A4EE0006CA1C1 /* Sources */,
				218015762B2A4EE0006CA1C1 /* Frameworks */,
				218015772B2A4EE0006CA1C1 /* Resources */,
			);
			buildRules = (
			);
			dependencies = (
				2180157B2B2A4EE0006CA1C1 /* PBXTargetDependency */,
			);
			name = iGenMationTests;
			productName = iGenMationTests;
			productReference = 218015792B2A4EE0006CA1C1 /* iGenMationTests.xctest */;
			productType = "com.apple.product-type.bundle.unit-test";
		};
		218015822B2A4EE0006CA1C1 /* iGenMationUITests */ = {
			isa = PBXNativeTarget;
			buildConfigurationList = 218015932B2A4EE0006CA1C1 /* Build configuration list for PBXNativeTarget "iGenMationUITests" */;
			buildPhases = (
				2180157F2B2A4EE0006CA1C1 /* Sources */,
				218015802B2A4EE0006CA1C1 /* Frameworks */,
				218015812B2A4EE0006CA1C1 /* Resources */,
			);
			buildRules = (
			);
			dependencies = (
				218015852B2A4EE0006CA1C1 /* PBXTargetDependency */,
			);
			name = iGenMationUITests;
			productName = iGenMationUITests;
			productReference = 218015832B2A4EE0006CA1C1 /* iGenMationUITests.xctest */;
			productType = "com.apple.product-type.bundle.ui-testing";
		};
/* End PBXNativeTarget section */

/* Begin PBXProject section */
		2180155B2B2A4EDF006CA1C1 /* Project object */ = {
			isa = PBXProject;
			attributes = {
				BuildIndependentTargetsInParallel = 1;
				LastSwiftUpdateCheck = 1500;
				LastUpgradeCheck = 1500;
				TargetAttributes = {
					218015622B2A4EDF006CA1C1 = {
						CreatedOnToolsVersion = 15.0;
					};
					218015782B2A4EE0006CA1C1 = {
						CreatedOnToolsVersion = 15.0;
						TestTargetID = 218015622B2A4EDF006CA1C1;
					};
					218015822B2A4EE0006CA1C1 = {
						CreatedOnToolsVersion = 15.0;
						TestTargetID = 218015622B2A4EDF006CA1C1;
					};
				};
			};
			buildConfigurationList = 2180155E2B2A4EDF006CA1C1 /* Build configuration list for PBXProject "iGenMation" */;
			compatibilityVersion = "Xcode 14.0";
			developmentRegion = en;
			hasScannedForEncodings = 0;
			knownRegions = (
				en,
				Base,
			);
			mainGroup = 2180155A2B2A4EDF006CA1C1;
			productRefGroup = 218015642B2A4EDF006CA1C1 /* Products */;
			projectDirPath = "";
			projectRoot = "";
			targets = (
				218015622B2A4EDF006CA1C1 /* iGenMation */,
				218015782B2A4EE0006CA1C1 /* iGenMationTests */,
				218015822B2A4EE0006CA1C1 /* iGenMationUITests */,
			);
		};
/* End PBXProject section */

/* Begin PBXResourcesBuildPhase section */
		218015612B2A4EDF006CA1C1 /* Resources */ = {
			isa = PBXResourcesBuildPhase;
			buildActionMask = 2147483647;
			files = (
				218015732B2A4EE0006CA1C1 /* LaunchScreen.storyboard in Resources */,
				218015702B2A4EE0006CA1C1 /* Assets.xcassets in Resources */,
				2180156E2B2A4EDF006CA1C1 /* Main.storyboard in Resources */,
			);
			runOnlyForDeploymentPostprocessing = 0;
		};
		218015772B2A4EE0006CA1C1 /* Resources */ = {
			isa = PBXResourcesBuildPhase;
			buildActionMask = 2147483647;
			files = (
			);
			runOnlyForDeploymentPostprocessing = 0;
		};
		218015812B2A4EE0006CA1C1 /* Resources */ = {
			isa = PBXResourcesBuildPhase;
			buildActionMask = 2147483647;
			files = (
			);
			runOnlyForDeploymentPostprocessing = 0;
		};
/* End PBXResourcesBuildPhase section */

/* Begin PBXSourcesBuildPhase section */
		2180155F2B2A4EDF006CA1C1 /* Sources */ = {
			isa = PBXSourcesBuildPhase;
			buildActionMask = 2147483647;
			files = (
				2180156B2B2A4EDF006CA1C1 /* ViewController.swift in Sources */,
				218015672B2A4EDF006CA1C1 /* AppDelegate.swift in Sources */,
				218015692B2A4EDF006CA1C1 /* SceneDelegate.swift in Sources */,
			);
			runOnlyForDeploymentPostprocessing = 0;
		};
		218015752B2A4EE0006CA1C1 /* Sources */ = {
			isa = PBXSourcesBuildPhase;
			buildActionMask = 2147483647;
			files = (
				2180157E2B2A4EE0006CA1C1 /* iGenMationTests.swift in Sources */,
			);
			runOnlyForDeploymentPostprocessing = 0;
		};
		2180157F2B2A4EE0006CA1C1 /* Sources */ = {
			isa = PBXSourcesBuildPhase;
			buildActionMask = 2147483647;
			files = (
				218015882B2A4EE0006CA1C1 /* iGenMationUITests.swift in Sources */,
				2180158A2B2A4EE0006CA1C1 /* iGenMationUITestsLaunchTests.swift in Sources */,
			);
			runOnlyForDeploymentPostprocessing = 0;
		};
/* End PBXSourcesBuildPhase section */

/* Begin PBXTargetDependency section */
		2180157B2B2A4EE0006CA1C1 /* PBXTargetDependency */ = {
			isa = PBXTargetDependency;
			target = 218015622B2A4EDF006CA1C1 /* iGenMation */;
			targetProxy = 2180157A2B2A4EE0006CA1C1 /* PBXContainerItemProxy */;
		};
		218015852B2A4EE0006CA1C1 /* PBXTargetDependency */ = {
			isa = PBXTargetDependency;
			target = 218015622B2A4EDF006CA1C1 /* iGenMation */;
			targetProxy = 218015842B2A4EE0006CA1C1 /* PBXContainerItemProxy */;
		};
/* End PBXTargetDependency section */

/* Begin PBXVariantGroup section */
		2180156C2B2A4EDF006CA1C1 /* Main.storyboard */ = {
			isa = PBXVariantGroup;
			children = (
				2180156D2B2A4EDF006CA1C1 /* Base */,
			);
			name = Main.storyboard;
			sourceTree = "<group>";
		};
		218015712B2A4EE0006CA1C1 /* LaunchScreen.storyboard */ = {
			isa = PBXVariantGroup;
			children = (
				218015722B2A4EE0006CA1C1 /* Base */,
			);
			name = LaunchScreen.storyboard;
			sourceTree = "<group>";
		};
/* End PBXVariantGroup section */

/* Begin XCBuildConfiguration section */
		2180158B2B2A4EE0006CA1C1 /* Debug */ = {
			isa = XCBuildConfiguration;
			buildSettings = {
				ALWAYS_SEARCH_USER_PATHS = NO;
				ASSETCATALOG_COMPILER_GENERATE_SWIFT_ASSET_SYMBOL_EXTENSIONS = YES;
				CLANG_ANALYZER_NONNULL = YES;
				CLANG_ANALYZER_NUMBER_OBJECT_CONVERSION = YES_AGGRESSIVE;
				CLANG_CXX_LANGUAGE_STANDARD = "gnu++20";
				CLANG_ENABLE_MODULES = YES;
				CLANG_ENABLE_OBJC_ARC = YES;
				CLANG_ENABLE_OBJC_WEAK = YES;
				CLANG_WARN_BLOCK_CAPTURE_AUTORELEASING = YES;
				CLANG_WARN_BOOL_CONVERSION = YES;
				CLANG_WARN_COMMA = YES;
				CLANG_WARN_CONSTANT_CONVERSION = YES;
				CLANG_WARN_DEPRECATED_OBJC_IMPLEMENTATIONS = YES;
				CLANG_WARN_DIRECT_OBJC_ISA_USAGE = YES_ERROR;
				CLANG_WARN_DOCUMENTATION_COMMENTS = YES;
				CLANG_WARN_EMPTY_BODY = YES;
				CLANG_WARN_ENUM_CONVERSION = YES;
				CLANG_WARN_INFINITE_RECURSION = YES;
				CLANG_WARN_INT_CONVERSION = YES;
				CLANG_WARN_NON_LITERAL_NULL_CONVERSION = YES;
				CLANG_WARN_OBJC_IMPLICIT_RETAIN_SELF = YES;
				CLANG_WARN_OBJC_LITERAL_CONVERSION = YES;
				CLANG_WARN_OBJC_ROOT_CLASS = YES_ERROR;
				CLANG_WARN_QUOTED_INCLUDE_IN_FRAMEWORK_HEADER = YES;
				CLANG_WARN_RANGE_LOOP_ANALYSIS = YES;
				CLANG_WARN_STRICT_PROTOTYPES = YES;
				CLANG_WARN_SUSPICIOUS_MOVE = YES;
				CLANG_WARN_UNGUARDED_AVAILABILITY = YES_AGGRESSIVE;
				CLANG_WARN_UNREACHABLE_CODE = YES;
				CLANG_WARN__DUPLICATE_METHOD_MATCH = YES;
				COPY_PHASE_STRIP = NO;
				DEBUG_INFORMATION_FORMAT = dwarf;
				ENABLE_STRICT_OBJC_MSGSEND = YES;
				ENABLE_TESTABILITY = YES;
				ENABLE_USER_SCRIPT_SANDBOXING = YES;
				GCC_C_LANGUAGE_STANDARD = gnu17;
				GCC_DYNAMIC_NO_PIC = NO;
				GCC_NO_COMMON_BLOCKS = YES;
				GCC_OPTIMIZATION_LEVEL = 0;
				GCC_PREPROCESSOR_DEFINITIONS = (
					"DEBUG=1",
					"$(inherited)",
				);
				GCC_WARN_64_TO_32_BIT_CONVERSION = YES;
				GCC_WARN_ABOUT_RETURN_TYPE = YES_ERROR;
				GCC_WARN_UNDECLARED_SELECTOR = YES;
				GCC_WARN_UNINITIALIZED_AUTOS = YES_AGGRESSIVE;
				GCC_WARN_UNUSED_FUNCTION = YES;
				GCC_WARN_UNUSED_VARIABLE = YES;
				IPHONEOS_DEPLOYMENT_TARGET = 17.0;
				LOCALIZATION_PREFERS_STRING_CATALOGS = YES;
				MTL_ENABLE_DEBUG_INFO = INCLUDE_SOURCE;
				MTL_FAST_MATH = YES;
				ONLY_ACTIVE_ARCH = YES;
				SDKROOT = iphoneos;
				SWIFT_ACTIVE_COMPILATION_CONDITIONS = "DEBUG $(inherited)";
				SWIFT_OPTIMIZATION_LEVEL = "-Onone";
			};
			name = Debug;
		};
		2180158C2B2A4EE0006CA1C1 /* Release */ = {
			isa = XCBuildConfiguration;
			buildSettings = {
				ALWAYS_SEARCH_USER_PATHS = NO;
				ASSETCATALOG_COMPILER_GENERATE_SWIFT_ASSET_SYMBOL_EXTENSIONS = YES;
				CLANG_ANALYZER_NONNULL = YES;
				CLANG_ANALYZER_NUMBER_OBJECT_CONVERSION = YES_AGGRESSIVE;
				CLANG_CXX_LANGUAGE_STANDARD = "gnu++20";
				CLANG_ENABLE_MODULES = YES;
				CLANG_ENABLE_OBJC_ARC = YES;
				CLANG_ENABLE_OBJC_WEAK = YES;
				CLANG_WARN_BLOCK_CAPTURE_AUTORELEASING = YES;
				CLANG_WARN_BOOL_CONVERSION = YES;
				CLANG_WARN_COMMA = YES;
				CLANG_WARN_CONSTANT_CONVERSION = YES;
				CLANG_WARN_DEPRECATED_OBJC_IMPLEMENTATIONS = YES;
				CLANG_WARN_DIRECT_OBJC_ISA_USAGE = YES_ERROR;
				CLANG_WARN_DOCUMENTATION_COMMENTS = YES;
				CLANG_WARN_EMPTY_BODY = YES;
				CLANG_WARN_ENUM_CONVERSION = YES;
				CLANG_WARN_INFINITE_RECURSION = YES;
				CLANG_WARN_INT_CONVERSION = YES;
				CLANG_WARN_NON_LITERAL_NULL_CONVERSION = YES;
				CLANG_WARN_OBJC_IMPLICIT_RETAIN_SELF = YES;
				CLANG_WARN_OBJC_LITERAL_CONVERSION = YES;
				CLANG_WARN_OBJC_ROOT_CLASS = YES_ERROR;
				CLANG_WARN_QUOTED_INCLUDE_IN_FRAMEWORK_HEADER = YES;
				CLANG_WARN_RANGE_LOOP_ANALYSIS = YES;
				CLANG_WARN_STRICT_PROTOTYPES = YES;
				CLANG_WARN_SUSPICIOUS_MOVE = YES;
				CLANG_WARN_UNGUARDED_AVAILABILITY = YES_AGGRESSIVE;
				CLANG_WARN_UNREACHABLE_CODE = YES;
				CLANG_WARN__DUPLICATE_METHOD_MATCH = YES;
				COPY_PHASE_STRIP = NO;
				DEBUG_INFORMATION_FORMAT = "dwarf-with-dsym";
				ENABLE_NS_ASSERTIONS = NO;
				ENABLE_STRICT_OBJC_MSGSEND = YES;
				ENABLE_USER_SCRIPT_SANDBOXING = YES;
				GCC_C_LANGUAGE_STANDARD = gnu17;
				GCC_NO_COMMON_BLOCKS = YES;
				GCC_WARN_64_TO_32_BIT_CONVERSION = YES;
				GCC_WARN_ABOUT_RETURN_TYPE = YES_ERROR;
				GCC_WARN_UNDECLARED_SELECTOR = YES;
				GCC_WARN_UNINITIALIZED_AUTOS = YES_AGGRESSIVE;
				GCC_WARN_UNUSED_FUNCTION = YES;
				GCC_WARN_UNUSED_VARIABLE = YES;
				IPHONEOS_DEPLOYMENT_TARGET = 17.0;
				LOCALIZATION_PREFERS_STRING_CATALOGS = YES;
				MTL_ENABLE_DEBUG_INFO = NO;
				MTL_FAST_MATH = YES;
				SDKROOT = iphoneos;
				SWIFT_COMPILATION_MODE = wholemodule;
				VALIDATE_PRODUCT = YES;
			};
			name = Release;
		};
		2180158E2B2A4EE0006CA1C1 /* Debug */ = {
			isa = XCBuildConfiguration;
			buildSettings = {
				ASSETCATALOG_COMPILER_APPICON_NAME = AppIcon;
				ASSETCATALOG_COMPILER_GLOBAL_ACCENT_COLOR_NAME = AccentColor;
				CODE_SIGN_STYLE = Automatic;
				CURRENT_PROJECT_VERSION = 1;
				DEVELOPMENT_TEAM = KZJPA3L44D;
				GENERATE_INFOPLIST_FILE = YES;
				INFOPLIST_FILE = iGenMation/Info.plist;
				INFOPLIST_KEY_UIApplicationSupportsIndirectInputEvents = YES;
				INFOPLIST_KEY_UILaunchStoryboardName = LaunchScreen;
				INFOPLIST_KEY_UIMainStoryboardFile = Main;
				INFOPLIST_KEY_UISupportedInterfaceOrientations_iPad = "UIInterfaceOrientationPortrait UIInterfaceOrientationPortraitUpsideDown UIInterfaceOrientationLandscapeLeft UIInterfaceOrientationLandscapeRight";
				INFOPLIST_KEY_UISupportedInterfaceOrientations_iPhone = "UIInterfaceOrientationPortrait UIInterfaceOrientationLandscapeLeft UIInterfaceOrientationLandscapeRight";
				LD_RUNPATH_SEARCH_PATHS = (
					"$(inherited)",
					"@executable_path/Frameworks",
				);
				MARKETING_VERSION = 1.0;
				PRODUCT_BUNDLE_IDENTIFIER = com.toyguncil.iGenMation;
				PRODUCT_NAME = "$(TARGET_NAME)";
				SWIFT_EMIT_LOC_STRINGS = YES;
				SWIFT_VERSION = 5.0;
				TARGETED_DEVICE_FAMILY = "1,2";
			};
			name = Debug;
		};
		2180158F2B2A4EE0006CA1C1 /* Release */ = {
			isa = XCBuildConfiguration;
			buildSettings = {
				ASSETCATALOG_COMPILER_APPICON_NAME = AppIcon;
				ASSETCATALOG_COMPILER_GLOBAL_ACCENT_COLOR_NAME = AccentColor;
				CODE_SIGN_STYLE = Automatic;
				CURRENT_PROJECT_VERSION = 1;
				DEVELOPMENT_TEAM = KZJPA3L44D;
				GENERATE_INFOPLIST_FILE = YES;
				INFOPLIST_FILE = iGenMation/Info.plist;
				INFOPLIST_KEY_UIApplicationSupportsIndirectInputEvents = YES;
				INFOPLIST_KEY_UILaunchStoryboardName = LaunchScreen;
				INFOPLIST_KEY_UIMainStoryboardFile = Main;
				INFOPLIST_KEY_UISupportedInterfaceOrientations_iPad = "UIInterfaceOrientationPortrait UIInterfaceOrientationPortraitUpsideDown UIInterfaceOrientationLandscapeLeft UIInterfaceOrientationLandscapeRight";
				INFOPLIST_KEY_UISupportedInterfaceOrientations_iPhone = "UIInterfaceOrientationPortrait UIInterfaceOrientationLandscapeLeft UIInterfaceOrientationLandscapeRight";
				LD_RUNPATH_SEARCH_PATHS = (
					"$(inherited)",
					"@executable_path/Frameworks",
				);
				MARKETING_VERSION = 1.0;
				PRODUCT_BUNDLE_IDENTIFIER = com.toyguncil.iGenMation;
				PRODUCT_NAME = "$(TARGET_NAME)";
				SWIFT_EMIT_LOC_STRINGS = YES;
				SWIFT_VERSION = 5.0;
				TARGETED_DEVICE_FAMILY = "1,2";
			};
			name = Release;
		};
		218015912B2A4EE0006CA1C1 /* Debug */ = {
			isa = XCBuildConfiguration;
			buildSettings = {
				ALWAYS_EMBED_SWIFT_STANDARD_LIBRARIES = YES;
				BUNDLE_LOADER = "$(TEST_HOST)";
				CODE_SIGN_STYLE = Automatic;
				CURRENT_PROJECT_VERSION = 1;
				DEVELOPMENT_TEAM = KZJPA3L44D;
				GENERATE_INFOPLIST_FILE = YES;
				IPHONEOS_DEPLOYMENT_TARGET = 17.0;
				MARKETING_VERSION = 1.0;
				PRODUCT_BUNDLE_IDENTIFIER = com.toyguncil.iGenMationTests;
				PRODUCT_NAME = "$(TARGET_NAME)";
				SWIFT_EMIT_LOC_STRINGS = NO;
				SWIFT_VERSION = 5.0;
				TARGETED_DEVICE_FAMILY = "1,2";
				TEST_HOST = "$(BUILT_PRODUCTS_DIR)/iGenMation.app/$(BUNDLE_EXECUTABLE_FOLDER_PATH)/iGenMation";
			};
			name = Debug;
		};
		218015922B2A4EE0006CA1C1 /* Release */ = {
			isa = XCBuildConfiguration;
			buildSettings = {
				ALWAYS_EMBED_SWIFT_STANDARD_LIBRARIES = YES;
				BUNDLE_LOADER = "$(TEST_HOST)";
				CODE_SIGN_STYLE = Automatic;
				CURRENT_PROJECT_VERSION = 1;
				DEVELOPMENT_TEAM = KZJPA3L44D;
				GENERATE_INFOPLIST_FILE = YES;
				IPHONEOS_DEPLOYMENT_TARGET = 17.0;
				MARKETING_VERSION = 1.0;
				PRODUCT_BUNDLE_IDENTIFIER = com.toyguncil.iGenMationTests;
				PRODUCT_NAME = "$(TARGET_NAME)";
				SWIFT_EMIT_LOC_STRINGS = NO;
				SWIFT_VERSION = 5.0;
				TARGETED_DEVICE_FAMILY = "1,2";
				TEST_HOST = "$(BUILT_PRODUCTS_DIR)/iGenMation.app/$(BUNDLE_EXECUTABLE_FOLDER_PATH)/iGenMation";
			};
			name = Release;
		};
		218015942B2A4EE0006CA1C1 /* Debug */ = {
			isa = XCBuildConfiguration;
			buildSettings = {
				ALWAYS_EMBED_SWIFT_STANDARD_LIBRARIES = YES;
				CODE_SIGN_STYLE = Automatic;
				CURRENT_PROJECT_VERSION = 1;
				DEVELOPMENT_TEAM = KZJPA3L44D;
				GENERATE_INFOPLIST_FILE = YES;
				MARKETING_VERSION = 1.0;
				PRODUCT_BUNDLE_IDENTIFIER = com.toyguncil.iGenMationUITests;
				PRODUCT_NAME = "$(TARGET_NAME)";
				SWIFT_EMIT_LOC_STRINGS = NO;
				SWIFT_VERSION = 5.0;
				TARGETED_DEVICE_FAMILY = "1,2";
				TEST_TARGET_NAME = iGenMation;
			};
			name = Debug;
		};
		218015952B2A4EE0006CA1C1 /* Release */ = {
			isa = XCBuildConfiguration;
			buildSettings = {
				ALWAYS_EMBED_SWIFT_STANDARD_LIBRARIES = YES;
				CODE_SIGN_STYLE = Automatic;
				CURRENT_PROJECT_VERSION = 1;
				DEVELOPMENT_TEAM = KZJPA3L44D;
				GENERATE_INFOPLIST_FILE = YES;
				MARKETING_VERSION = 1.0;
				PRODUCT_BUNDLE_IDENTIFIER = com.toyguncil.iGenMationUITests;
				PRODUCT_NAME = "$(TARGET_NAME)";
				SWIFT_EMIT_LOC_STRINGS = NO;
				SWIFT_VERSION = 5.0;
				TARGETED_DEVICE_FAMILY = "1,2";
				TEST_TARGET_NAME = iGenMation;
			};
			name = Release;
		};
/* End XCBuildConfiguration section */

/* Begin XCConfigurationList section */
		2180155E2B2A4EDF006CA1C1 /* Build configuration list for PBXProject "iGenMation" */ = {
			isa = XCConfigurationList;
			buildConfigurations = (
				2180158B2B2A4EE0006CA1C1 /* Debug */,
				2180158C2B2A4EE0006CA1C1 /* Release */,
			);
			defaultConfigurationIsVisible = 0;
			defaultConfigurationName = Release;
		};
		2180158D2B2A4EE0006CA1C1 /* Build configuration list for PBXNativeTarget "iGenMation" */ = {
			isa = XCConfigurationList;
			buildConfigurations = (
				2180158E2B2A4EE0006CA1C1 /* Debug */,
				2180158F2B2A4EE0006CA1C1 /* Release */,
			);
			defaultConfigurationIsVisible = 0;
			defaultConfigurationName = Release;
		};
		218015902B2A4EE0006CA1C1 /* Build configuration list for PBXNativeTarget "iGenMationTests" */ = {
			isa = XCConfigurationList;
			buildConfigurations = (
				218015912B2A4EE0006CA1C1 /* Debug */,
				218015922B2A4EE0006CA1C1 /* Release */,
			);
			defaultConfigurationIsVisible = 0;
			defaultConfigurationName = Release;
		};
		218015932B2A4EE0006CA1C1 /* Build configuration list for PBXNativeTarget "iGenMationUITests" */ = {
			isa = XCConfigurationList;
			buildConfigurations = (
				218015942B2A4EE0006CA1C1 /* Debug */,
				218015952B2A4EE0006CA1C1 /* Release */,
			);
			defaultConfigurationIsVisible = 0;
			defaultConfigurationName = Release;
		};
/* End XCConfigurationList section */
	};
	rootObject = 2180155B2B2A4EDF006CA1C1 /* Project object */;
}
